// !$*UTF8*$!
{
	archiveVersion = 1;
	classes = {
	};
	objectVersion = 50;
	objects = {

/* Begin PBXBuildFile section */
		ABE724BB2679C30B00532944 /* main.cpp in Sources */ = {isa = PBXBuildFile; fileRef = ABE724BA2679C30B00532944 /* main.cpp */; };
		ABE724C92679C5BC00532944 /* main.cpp in Sources */ = {isa = PBXBuildFile; fileRef = ABE724C82679C5BC00532944 /* main.cpp */; };
		ABE724D42679C82800532944 /* main.cpp in Sources */ = {isa = PBXBuildFile; fileRef = ABE724D32679C82800532944 /* main.cpp */; };
		ABE724DF2679CAC600532944 /* main.cpp in Sources */ = {isa = PBXBuildFile; fileRef = ABE724DE2679CAC600532944 /* main.cpp */; };
		ABE724EA2679D24100532944 /* main.cpp in Sources */ = {isa = PBXBuildFile; fileRef = ABE724E92679D24100532944 /* main.cpp */; };
		ABE724F62679D8A900532944 /* main.cpp in Sources */ = {isa = PBXBuildFile; fileRef = ABE724F52679D8A900532944 /* main.cpp */; };
		ABE725022679D8ED00532944 /* main.cpp in Sources */ = {isa = PBXBuildFile; fileRef = ABE725012679D8ED00532944 /* main.cpp */; };
		ABE72510267A0C3500532944 /* main.cpp in Sources */ = {isa = PBXBuildFile; fileRef = ABE7250F267A0C3500532944 /* main.cpp */; };
		ABE7251C267A1CE800532944 /* main.cpp in Sources */ = {isa = PBXBuildFile; fileRef = ABE7251B267A1CE800532944 /* main.cpp */; };
		ABE72528267C796100532944 /* main.cpp in Sources */ = {isa = PBXBuildFile; fileRef = ABE72527267C796100532944 /* main.cpp */; };
/* End PBXBuildFile section */

/* Begin PBXCopyFilesBuildPhase section */
		ABE724A82679C2F200532944 /* CopyFiles */ = {
			isa = PBXCopyFilesBuildPhase;
			buildActionMask = 2147483647;
			dstPath = /usr/share/man/man1/;
			dstSubfolderSpec = 0;
			files = (
			);
			runOnlyForDeploymentPostprocessing = 1;
		};
		ABE724B62679C30B00532944 /* CopyFiles */ = {
			isa = PBXCopyFilesBuildPhase;
			buildActionMask = 2147483647;
			dstPath = /usr/share/man/man1/;
			dstSubfolderSpec = 0;
			files = (
			);
			runOnlyForDeploymentPostprocessing = 1;
		};
		ABE724C42679C5BC00532944 /* CopyFiles */ = {
			isa = PBXCopyFilesBuildPhase;
			buildActionMask = 2147483647;
			dstPath = /usr/share/man/man1/;
			dstSubfolderSpec = 0;
			files = (
			);
			runOnlyForDeploymentPostprocessing = 1;
		};
		ABE724CF2679C82800532944 /* CopyFiles */ = {
			isa = PBXCopyFilesBuildPhase;
			buildActionMask = 2147483647;
			dstPath = /usr/share/man/man1/;
			dstSubfolderSpec = 0;
			files = (
			);
			runOnlyForDeploymentPostprocessing = 1;
		};
		ABE724DA2679CAC600532944 /* CopyFiles */ = {
			isa = PBXCopyFilesBuildPhase;
			buildActionMask = 2147483647;
			dstPath = /usr/share/man/man1/;
			dstSubfolderSpec = 0;
			files = (
			);
			runOnlyForDeploymentPostprocessing = 1;
		};
		ABE724E52679D24100532944 /* CopyFiles */ = {
			isa = PBXCopyFilesBuildPhase;
			buildActionMask = 2147483647;
			dstPath = /usr/share/man/man1/;
			dstSubfolderSpec = 0;
			files = (
			);
			runOnlyForDeploymentPostprocessing = 1;
		};
		ABE724F12679D8A900532944 /* CopyFiles */ = {
			isa = PBXCopyFilesBuildPhase;
			buildActionMask = 2147483647;
			dstPath = /usr/share/man/man1/;
			dstSubfolderSpec = 0;
			files = (
			);
			runOnlyForDeploymentPostprocessing = 1;
		};
		ABE724FD2679D8ED00532944 /* CopyFiles */ = {
			isa = PBXCopyFilesBuildPhase;
			buildActionMask = 2147483647;
			dstPath = /usr/share/man/man1/;
			dstSubfolderSpec = 0;
			files = (
			);
			runOnlyForDeploymentPostprocessing = 1;
		};
		ABE7250B267A0C3500532944 /* CopyFiles */ = {
			isa = PBXCopyFilesBuildPhase;
			buildActionMask = 2147483647;
			dstPath = /usr/share/man/man1/;
			dstSubfolderSpec = 0;
			files = (
			);
			runOnlyForDeploymentPostprocessing = 1;
		};
		ABE72517267A1CE800532944 /* CopyFiles */ = {
			isa = PBXCopyFilesBuildPhase;
			buildActionMask = 2147483647;
			dstPath = /usr/share/man/man1/;
			dstSubfolderSpec = 0;
			files = (
			);
			runOnlyForDeploymentPostprocessing = 1;
		};
		ABE72523267C796100532944 /* CopyFiles */ = {
			isa = PBXCopyFilesBuildPhase;
			buildActionMask = 2147483647;
			dstPath = /usr/share/man/man1/;
			dstSubfolderSpec = 0;
			files = (
			);
			runOnlyForDeploymentPostprocessing = 1;
		};
/* End PBXCopyFilesBuildPhase section */

/* Begin PBXFileReference section */
		ABE724AA2679C2F200532944 /* Algorithm Study */ = {isa = PBXFileReference; explicitFileType = "compiled.mach-o.executable"; includeInIndex = 0; path = "Algorithm Study"; sourceTree = BUILT_PRODUCTS_DIR; };
		ABE724B82679C30B00532944 /* P1 */ = {isa = PBXFileReference; explicitFileType = "compiled.mach-o.executable"; includeInIndex = 0; path = P1; sourceTree = BUILT_PRODUCTS_DIR; };
		ABE724BA2679C30B00532944 /* main.cpp */ = {isa = PBXFileReference; lastKnownFileType = sourcecode.cpp.cpp; path = main.cpp; sourceTree = "<group>"; };
		ABE724C62679C5BC00532944 /* P2 */ = {isa = PBXFileReference; explicitFileType = "compiled.mach-o.executable"; includeInIndex = 0; path = P2; sourceTree = BUILT_PRODUCTS_DIR; };
		ABE724C82679C5BC00532944 /* main.cpp */ = {isa = PBXFileReference; lastKnownFileType = sourcecode.cpp.cpp; path = main.cpp; sourceTree = "<group>"; };
		ABE724D12679C82800532944 /* P3 */ = {isa = PBXFileReference; explicitFileType = "compiled.mach-o.executable"; includeInIndex = 0; path = P3; sourceTree = BUILT_PRODUCTS_DIR; };
		ABE724D32679C82800532944 /* main.cpp */ = {isa = PBXFileReference; lastKnownFileType = sourcecode.cpp.cpp; path = main.cpp; sourceTree = "<group>"; };
		ABE724DC2679CAC600532944 /* P4 */ = {isa = PBXFileReference; explicitFileType = "compiled.mach-o.executable"; includeInIndex = 0; path = P4; sourceTree = BUILT_PRODUCTS_DIR; };
		ABE724DE2679CAC600532944 /* main.cpp */ = {isa = PBXFileReference; lastKnownFileType = sourcecode.cpp.cpp; path = main.cpp; sourceTree = "<group>"; };
		ABE724E72679D24100532944 /* P5 */ = {isa = PBXFileReference; explicitFileType = "compiled.mach-o.executable"; includeInIndex = 0; path = P5; sourceTree = BUILT_PRODUCTS_DIR; };
		ABE724E92679D24100532944 /* main.cpp */ = {isa = PBXFileReference; lastKnownFileType = sourcecode.cpp.cpp; path = main.cpp; sourceTree = "<group>"; };
		ABE724EE2679D27600532944 /* 스크린샷 2021-06-16 오후 3.32.16.png */ = {isa = PBXFileReference; lastKnownFileType = image.png; name = "스크린샷 2021-06-16 오후 3.32.16.png"; path = "../../../../../../../var/folders/fh/xcnp3shx04bfdzj9wh4wz_b40000gn/T/TemporaryItems/(screencaptureui이(가) 문서 저장 중 171)/스크린샷 2021-06-16 오후 3.32.16.png"; sourceTree = "<group>"; };
		ABE724F32679D8A900532944 /* P7 */ = {isa = PBXFileReference; explicitFileType = "compiled.mach-o.executable"; includeInIndex = 0; path = P7; sourceTree = BUILT_PRODUCTS_DIR; };
		ABE724F52679D8A900532944 /* main.cpp */ = {isa = PBXFileReference; lastKnownFileType = sourcecode.cpp.cpp; path = main.cpp; sourceTree = "<group>"; };
		ABE724FF2679D8ED00532944 /* P6 */ = {isa = PBXFileReference; explicitFileType = "compiled.mach-o.executable"; includeInIndex = 0; path = P6; sourceTree = BUILT_PRODUCTS_DIR; };
		ABE725012679D8ED00532944 /* main.cpp */ = {isa = PBXFileReference; lastKnownFileType = sourcecode.cpp.cpp; path = main.cpp; sourceTree = "<group>"; };
		ABE725062679D8F500532944 /* 스크린샷 2021-06-16 오후 3.59.11.png */ = {isa = PBXFileReference; lastKnownFileType = image.png; path = "스크린샷 2021-06-16 오후 3.59.11.png"; sourceTree = "<group>"; };
		ABE725072679F93C00532944 /* 아스키코드표.png */ = {isa = PBXFileReference; lastKnownFileType = image.png; path = "아스키코드표.png"; sourceTree = "<group>"; };
		ABE72508267A03A800532944 /* 스크린샷 2021-06-16 오후 7.02.10.png */ = {isa = PBXFileReference; lastKnownFileType = image.png; name = "스크린샷 2021-06-16 오후 7.02.10.png"; path = "../../../../../../../var/folders/fh/xcnp3shx04bfdzj9wh4wz_b40000gn/T/TemporaryItems/(screencaptureui이(가) 문서 저장 중 174)/스크린샷 2021-06-16 오후 7.02.10.png"; sourceTree = "<group>"; };
		ABE7250D267A0C3500532944 /* P8 */ = {isa = PBXFileReference; explicitFileType = "compiled.mach-o.executable"; includeInIndex = 0; path = P8; sourceTree = BUILT_PRODUCTS_DIR; };
		ABE7250F267A0C3500532944 /* main.cpp */ = {isa = PBXFileReference; lastKnownFileType = sourcecode.cpp.cpp; path = main.cpp; sourceTree = "<group>"; };
		ABE72514267A0C4D00532944 /* 스크린샷 2021-06-16 오후 7.39.03.png */ = {isa = PBXFileReference; lastKnownFileType = image.png; name = "스크린샷 2021-06-16 오후 7.39.03.png"; path = "../../../../../../../var/folders/fh/xcnp3shx04bfdzj9wh4wz_b40000gn/T/TemporaryItems/(screencaptureui이(가) 문서 저장 중 175)/스크린샷 2021-06-16 오후 7.39.03.png"; sourceTree = "<group>"; };
		ABE72519267A1CE800532944 /* P9 */ = {isa = PBXFileReference; explicitFileType = "compiled.mach-o.executable"; includeInIndex = 0; path = P9; sourceTree = BUILT_PRODUCTS_DIR; };
		ABE7251B267A1CE800532944 /* main.cpp */ = {isa = PBXFileReference; lastKnownFileType = sourcecode.cpp.cpp; path = main.cpp; sourceTree = "<group>"; };
		ABE72520267A1CF500532944 /* 스크린샷 2021-06-16 오후 8.49.50.png */ = {isa = PBXFileReference; lastKnownFileType = image.png; name = "스크린샷 2021-06-16 오후 8.49.50.png"; path = "../../../../스크린샷 2021-06-16 오후 8.49.50.png"; sourceTree = "<group>"; };
		ABE72525267C796100532944 /* P10 */ = {isa = PBXFileReference; explicitFileType = "compiled.mach-o.executable"; includeInIndex = 0; path = P10; sourceTree = BUILT_PRODUCTS_DIR; };
		ABE72527267C796100532944 /* main.cpp */ = {isa = PBXFileReference; lastKnownFileType = sourcecode.cpp.cpp; path = main.cpp; sourceTree = "<group>"; };
		ABE7252C267C79A400532944 /* 스크린샷 2021-06-18 오후 3.50.06.png */ = {isa = PBXFileReference; lastKnownFileType = image.png; name = "스크린샷 2021-06-18 오후 3.50.06.png"; path = "../../../../../../../var/folders/fh/xcnp3shx04bfdzj9wh4wz_b40000gn/T/TemporaryItems/(screencaptureui이(가) 문서 저장 중 177)/스크린샷 2021-06-18 오후 3.50.06.png"; sourceTree = "<group>"; };
/* End PBXFileReference section */

/* Begin PBXFrameworksBuildPhase section */
		ABE724A72679C2F200532944 /* Frameworks */ = {
			isa = PBXFrameworksBuildPhase;
			buildActionMask = 2147483647;
			files = (
			);
			runOnlyForDeploymentPostprocessing = 0;
		};
		ABE724B52679C30B00532944 /* Frameworks */ = {
			isa = PBXFrameworksBuildPhase;
			buildActionMask = 2147483647;
			files = (
			);
			runOnlyForDeploymentPostprocessing = 0;
		};
		ABE724C32679C5BC00532944 /* Frameworks */ = {
			isa = PBXFrameworksBuildPhase;
			buildActionMask = 2147483647;
			files = (
			);
			runOnlyForDeploymentPostprocessing = 0;
		};
		ABE724CE2679C82800532944 /* Frameworks */ = {
			isa = PBXFrameworksBuildPhase;
			buildActionMask = 2147483647;
			files = (
			);
			runOnlyForDeploymentPostprocessing = 0;
		};
		ABE724D92679CAC600532944 /* Frameworks */ = {
			isa = PBXFrameworksBuildPhase;
			buildActionMask = 2147483647;
			files = (
			);
			runOnlyForDeploymentPostprocessing = 0;
		};
		ABE724E42679D24100532944 /* Frameworks */ = {
			isa = PBXFrameworksBuildPhase;
			buildActionMask = 2147483647;
			files = (
			);
			runOnlyForDeploymentPostprocessing = 0;
		};
		ABE724F02679D8A900532944 /* Frameworks */ = {
			isa = PBXFrameworksBuildPhase;
			buildActionMask = 2147483647;
			files = (
			);
			runOnlyForDeploymentPostprocessing = 0;
		};
		ABE724FC2679D8ED00532944 /* Frameworks */ = {
			isa = PBXFrameworksBuildPhase;
			buildActionMask = 2147483647;
			files = (
			);
			runOnlyForDeploymentPostprocessing = 0;
		};
		ABE7250A267A0C3500532944 /* Frameworks */ = {
			isa = PBXFrameworksBuildPhase;
			buildActionMask = 2147483647;
			files = (
			);
			runOnlyForDeploymentPostprocessing = 0;
		};
		ABE72516267A1CE800532944 /* Frameworks */ = {
			isa = PBXFrameworksBuildPhase;
			buildActionMask = 2147483647;
			files = (
			);
			runOnlyForDeploymentPostprocessing = 0;
		};
		ABE72522267C796100532944 /* Frameworks */ = {
			isa = PBXFrameworksBuildPhase;
			buildActionMask = 2147483647;
			files = (
			);
			runOnlyForDeploymentPostprocessing = 0;
		};
/* End PBXFrameworksBuildPhase section */

/* Begin PBXGroup section */
		ABE724A12679C2F200532944 = {
			isa = PBXGroup;
			children = (
				ABE725072679F93C00532944 /* 아스키코드표.png */,
				ABE724AC2679C2F200532944 /* Algorithm Study */,
				ABE724B92679C30B00532944 /* P1 */,
				ABE724C72679C5BC00532944 /* P2 */,
				ABE724D22679C82800532944 /* P3 */,
				ABE724DD2679CAC600532944 /* P4 */,
				ABE724E82679D24100532944 /* P5 */,
				ABE725002679D8ED00532944 /* P6 */,
				ABE724F42679D8A900532944 /* P7 */,
				ABE7250E267A0C3500532944 /* P8 */,
				ABE7251A267A1CE800532944 /* P9 */,
				ABE72526267C796100532944 /* P10 */,
				ABE724AB2679C2F200532944 /* Products */,
			);
			sourceTree = "<group>";
		};
		ABE724AB2679C2F200532944 /* Products */ = {
			isa = PBXGroup;
			children = (
				ABE724AA2679C2F200532944 /* Algorithm Study */,
				ABE724B82679C30B00532944 /* P1 */,
				ABE724C62679C5BC00532944 /* P2 */,
				ABE724D12679C82800532944 /* P3 */,
				ABE724DC2679CAC600532944 /* P4 */,
				ABE724E72679D24100532944 /* P5 */,
				ABE724F32679D8A900532944 /* P7 */,
				ABE724FF2679D8ED00532944 /* P6 */,
				ABE7250D267A0C3500532944 /* P8 */,
				ABE72519267A1CE800532944 /* P9 */,
				ABE72525267C796100532944 /* P10 */,
			);
			name = Products;
			sourceTree = "<group>";
		};
		ABE724AC2679C2F200532944 /* Algorithm Study */ = {
			isa = PBXGroup;
			children = (
			);
			path = "Algorithm Study";
			sourceTree = "<group>";
		};
		ABE724B92679C30B00532944 /* P1 */ = {
			isa = PBXGroup;
			children = (
				ABE724BA2679C30B00532944 /* main.cpp */,
			);
			path = P1;
			sourceTree = "<group>";
		};
		ABE724C72679C5BC00532944 /* P2 */ = {
			isa = PBXGroup;
			children = (
				ABE724C82679C5BC00532944 /* main.cpp */,
			);
			path = P2;
			sourceTree = "<group>";
		};
		ABE724D22679C82800532944 /* P3 */ = {
			isa = PBXGroup;
			children = (
				ABE724D32679C82800532944 /* main.cpp */,
			);
			path = P3;
			sourceTree = "<group>";
		};
		ABE724DD2679CAC600532944 /* P4 */ = {
			isa = PBXGroup;
			children = (
				ABE724DE2679CAC600532944 /* main.cpp */,
			);
			path = P4;
			sourceTree = "<group>";
		};
		ABE724E82679D24100532944 /* P5 */ = {
			isa = PBXGroup;
			children = (
				ABE724EE2679D27600532944 /* 스크린샷 2021-06-16 오후 3.32.16.png */,
				ABE724E92679D24100532944 /* main.cpp */,
			);
			path = P5;
			sourceTree = "<group>";
		};
		ABE724F42679D8A900532944 /* P7 */ = {
			isa = PBXGroup;
			children = (
				ABE72508267A03A800532944 /* 스크린샷 2021-06-16 오후 7.02.10.png */,
				ABE724F52679D8A900532944 /* main.cpp */,
			);
			path = P7;
			sourceTree = "<group>";
		};
		ABE725002679D8ED00532944 /* P6 */ = {
			isa = PBXGroup;
			children = (
				ABE725062679D8F500532944 /* 스크린샷 2021-06-16 오후 3.59.11.png */,
				ABE725012679D8ED00532944 /* main.cpp */,
			);
			path = P6;
			sourceTree = "<group>";
		};
		ABE7250E267A0C3500532944 /* P8 */ = {
			isa = PBXGroup;
			children = (
				ABE72514267A0C4D00532944 /* 스크린샷 2021-06-16 오후 7.39.03.png */,
				ABE7250F267A0C3500532944 /* main.cpp */,
			);
			path = P8;
			sourceTree = "<group>";
		};
		ABE7251A267A1CE800532944 /* P9 */ = {
			isa = PBXGroup;
			children = (
				ABE72520267A1CF500532944 /* 스크린샷 2021-06-16 오후 8.49.50.png */,
				ABE7251B267A1CE800532944 /* main.cpp */,
			);
			path = P9;
			sourceTree = "<group>";
		};
		ABE72526267C796100532944 /* P10 */ = {
			isa = PBXGroup;
			children = (
				ABE7252C267C79A400532944 /* 스크린샷 2021-06-18 오후 3.50.06.png */,
				ABE72527267C796100532944 /* main.cpp */,
			);
			path = P10;
			sourceTree = "<group>";
		};
/* End PBXGroup section */

/* Begin PBXNativeTarget section */
		ABE724A92679C2F200532944 /* Algorithm Study */ = {
			isa = PBXNativeTarget;
			buildConfigurationList = ABE724B12679C2F200532944 /* Build configuration list for PBXNativeTarget "Algorithm Study" */;
			buildPhases = (
				ABE724A62679C2F200532944 /* Sources */,
				ABE724A72679C2F200532944 /* Frameworks */,
				ABE724A82679C2F200532944 /* CopyFiles */,
			);
			buildRules = (
			);
			dependencies = (
			);
			name = "Algorithm Study";
			productName = "Algorithm Study";
			productReference = ABE724AA2679C2F200532944 /* Algorithm Study */;
			productType = "com.apple.product-type.tool";
		};
		ABE724B72679C30B00532944 /* P1 */ = {
			isa = PBXNativeTarget;
			buildConfigurationList = ABE724BC2679C30B00532944 /* Build configuration list for PBXNativeTarget "P1" */;
			buildPhases = (
				ABE724B42679C30B00532944 /* Sources */,
				ABE724B52679C30B00532944 /* Frameworks */,
				ABE724B62679C30B00532944 /* CopyFiles */,
			);
			buildRules = (
			);
			dependencies = (
			);
			name = P1;
			productName = P1;
			productReference = ABE724B82679C30B00532944 /* P1 */;
			productType = "com.apple.product-type.tool";
		};
		ABE724C52679C5BC00532944 /* P2 */ = {
			isa = PBXNativeTarget;
			buildConfigurationList = ABE724CA2679C5BC00532944 /* Build configuration list for PBXNativeTarget "P2" */;
			buildPhases = (
				ABE724C22679C5BC00532944 /* Sources */,
				ABE724C32679C5BC00532944 /* Frameworks */,
				ABE724C42679C5BC00532944 /* CopyFiles */,
			);
			buildRules = (
			);
			dependencies = (
			);
			name = P2;
			productName = P2;
			productReference = ABE724C62679C5BC00532944 /* P2 */;
			productType = "com.apple.product-type.tool";
		};
		ABE724D02679C82800532944 /* P3 */ = {
			isa = PBXNativeTarget;
			buildConfigurationList = ABE724D52679C82800532944 /* Build configuration list for PBXNativeTarget "P3" */;
			buildPhases = (
				ABE724CD2679C82800532944 /* Sources */,
				ABE724CE2679C82800532944 /* Frameworks */,
				ABE724CF2679C82800532944 /* CopyFiles */,
			);
			buildRules = (
			);
			dependencies = (
			);
			name = P3;
			productName = P3;
			productReference = ABE724D12679C82800532944 /* P3 */;
			productType = "com.apple.product-type.tool";
		};
		ABE724DB2679CAC600532944 /* P4 */ = {
			isa = PBXNativeTarget;
			buildConfigurationList = ABE724E02679CAC600532944 /* Build configuration list for PBXNativeTarget "P4" */;
			buildPhases = (
				ABE724D82679CAC600532944 /* Sources */,
				ABE724D92679CAC600532944 /* Frameworks */,
				ABE724DA2679CAC600532944 /* CopyFiles */,
			);
			buildRules = (
			);
			dependencies = (
			);
			name = P4;
			productName = P4;
			productReference = ABE724DC2679CAC600532944 /* P4 */;
			productType = "com.apple.product-type.tool";
		};
		ABE724E62679D24100532944 /* P5 */ = {
			isa = PBXNativeTarget;
			buildConfigurationList = ABE724EB2679D24100532944 /* Build configuration list for PBXNativeTarget "P5" */;
			buildPhases = (
				ABE724E32679D24100532944 /* Sources */,
				ABE724E42679D24100532944 /* Frameworks */,
				ABE724E52679D24100532944 /* CopyFiles */,
			);
			buildRules = (
			);
			dependencies = (
			);
			name = P5;
			productName = P5;
			productReference = ABE724E72679D24100532944 /* P5 */;
			productType = "com.apple.product-type.tool";
		};
		ABE724F22679D8A900532944 /* P7 */ = {
			isa = PBXNativeTarget;
			buildConfigurationList = ABE724F72679D8A900532944 /* Build configuration list for PBXNativeTarget "P7" */;
			buildPhases = (
				ABE724EF2679D8A900532944 /* Sources */,
				ABE724F02679D8A900532944 /* Frameworks */,
				ABE724F12679D8A900532944 /* CopyFiles */,
			);
			buildRules = (
			);
			dependencies = (
			);
			name = P7;
			productName = P7;
			productReference = ABE724F32679D8A900532944 /* P7 */;
			productType = "com.apple.product-type.tool";
		};
		ABE724FE2679D8ED00532944 /* P6 */ = {
			isa = PBXNativeTarget;
			buildConfigurationList = ABE725032679D8ED00532944 /* Build configuration list for PBXNativeTarget "P6" */;
			buildPhases = (
				ABE724FB2679D8ED00532944 /* Sources */,
				ABE724FC2679D8ED00532944 /* Frameworks */,
				ABE724FD2679D8ED00532944 /* CopyFiles */,
			);
			buildRules = (
			);
			dependencies = (
			);
			name = P6;
			productName = P6;
			productReference = ABE724FF2679D8ED00532944 /* P6 */;
			productType = "com.apple.product-type.tool";
		};
		ABE7250C267A0C3500532944 /* P8 */ = {
			isa = PBXNativeTarget;
			buildConfigurationList = ABE72511267A0C3500532944 /* Build configuration list for PBXNativeTarget "P8" */;
			buildPhases = (
				ABE72509267A0C3500532944 /* Sources */,
				ABE7250A267A0C3500532944 /* Frameworks */,
				ABE7250B267A0C3500532944 /* CopyFiles */,
			);
			buildRules = (
			);
			dependencies = (
			);
			name = P8;
			productName = P8;
			productReference = ABE7250D267A0C3500532944 /* P8 */;
			productType = "com.apple.product-type.tool";
		};
		ABE72518267A1CE800532944 /* P9 */ = {
			isa = PBXNativeTarget;
			buildConfigurationList = ABE7251D267A1CE800532944 /* Build configuration list for PBXNativeTarget "P9" */;
			buildPhases = (
				ABE72515267A1CE800532944 /* Sources */,
				ABE72516267A1CE800532944 /* Frameworks */,
				ABE72517267A1CE800532944 /* CopyFiles */,
			);
			buildRules = (
			);
			dependencies = (
			);
			name = P9;
			productName = P9;
			productReference = ABE72519267A1CE800532944 /* P9 */;
			productType = "com.apple.product-type.tool";
		};
		ABE72524267C796100532944 /* P10 */ = {
			isa = PBXNativeTarget;
			buildConfigurationList = ABE72529267C796100532944 /* Build configuration list for PBXNativeTarget "P10" */;
			buildPhases = (
				ABE72521267C796100532944 /* Sources */,
				ABE72522267C796100532944 /* Frameworks */,
				ABE72523267C796100532944 /* CopyFiles */,
			);
			buildRules = (
			);
			dependencies = (
			);
			name = P10;
			productName = P10;
			productReference = ABE72525267C796100532944 /* P10 */;
			productType = "com.apple.product-type.tool";
		};
/* End PBXNativeTarget section */

/* Begin PBXProject section */
		ABE724A22679C2F200532944 /* Project object */ = {
			isa = PBXProject;
			attributes = {
				LastUpgradeCheck = 1160;
				ORGANIZATIONNAME = "jaewon na";
				TargetAttributes = {
					ABE724A92679C2F200532944 = {
						CreatedOnToolsVersion = 11.6;
					};
					ABE724B72679C30B00532944 = {
						CreatedOnToolsVersion = 11.6;
					};
					ABE724C52679C5BC00532944 = {
						CreatedOnToolsVersion = 11.6;
					};
					ABE724D02679C82800532944 = {
						CreatedOnToolsVersion = 11.6;
					};
					ABE724DB2679CAC600532944 = {
						CreatedOnToolsVersion = 11.6;
					};
					ABE724E62679D24100532944 = {
						CreatedOnToolsVersion = 11.6;
					};
					ABE724F22679D8A900532944 = {
						CreatedOnToolsVersion = 11.6;
					};
					ABE724FE2679D8ED00532944 = {
						CreatedOnToolsVersion = 11.6;
					};
					ABE7250C267A0C3500532944 = {
						CreatedOnToolsVersion = 11.6;
					};
					ABE72518267A1CE800532944 = {
						CreatedOnToolsVersion = 11.6;
					};
					ABE72524267C796100532944 = {
						CreatedOnToolsVersion = 11.6;
					};
				};
			};
			buildConfigurationList = ABE724A52679C2F200532944 /* Build configuration list for PBXProject "Algorithm Study" */;
			compatibilityVersion = "Xcode 9.3";
			developmentRegion = en;
			hasScannedForEncodings = 0;
			knownRegions = (
				en,
				Base,
			);
			mainGroup = ABE724A12679C2F200532944;
			productRefGroup = ABE724AB2679C2F200532944 /* Products */;
			projectDirPath = "";
			projectRoot = "";
			targets = (
				ABE724A92679C2F200532944 /* Algorithm Study */,
				ABE724B72679C30B00532944 /* P1 */,
				ABE724C52679C5BC00532944 /* P2 */,
				ABE724D02679C82800532944 /* P3 */,
				ABE724DB2679CAC600532944 /* P4 */,
				ABE724E62679D24100532944 /* P5 */,
				ABE724FE2679D8ED00532944 /* P6 */,
				ABE724F22679D8A900532944 /* P7 */,
				ABE7250C267A0C3500532944 /* P8 */,
				ABE72518267A1CE800532944 /* P9 */,
				ABE72524267C796100532944 /* P10 */,
			);
		};
/* End PBXProject section */

/* Begin PBXSourcesBuildPhase section */
		ABE724A62679C2F200532944 /* Sources */ = {
			isa = PBXSourcesBuildPhase;
			buildActionMask = 2147483647;
			files = (
			);
			runOnlyForDeploymentPostprocessing = 0;
		};
		ABE724B42679C30B00532944 /* Sources */ = {
			isa = PBXSourcesBuildPhase;
			buildActionMask = 2147483647;
			files = (
				ABE724BB2679C30B00532944 /* main.cpp in Sources */,
			);
			runOnlyForDeploymentPostprocessing = 0;
		};
		ABE724C22679C5BC00532944 /* Sources */ = {
			isa = PBXSourcesBuildPhase;
			buildActionMask = 2147483647;
			files = (
				ABE724C92679C5BC00532944 /* main.cpp in Sources */,
			);
			runOnlyForDeploymentPostprocessing = 0;
		};
		ABE724CD2679C82800532944 /* Sources */ = {
			isa = PBXSourcesBuildPhase;
			buildActionMask = 2147483647;
			files = (
				ABE724D42679C82800532944 /* main.cpp in Sources */,
			);
			runOnlyForDeploymentPostprocessing = 0;
		};
		ABE724D82679CAC600532944 /* Sources */ = {
			isa = PBXSourcesBuildPhase;
			buildActionMask = 2147483647;
			files = (
				ABE724DF2679CAC600532944 /* main.cpp in Sources */,
			);
			runOnlyForDeploymentPostprocessing = 0;
		};
		ABE724E32679D24100532944 /* Sources */ = {
			isa = PBXSourcesBuildPhase;
			buildActionMask = 2147483647;
			files = (
				ABE724EA2679D24100532944 /* main.cpp in Sources */,
			);
			runOnlyForDeploymentPostprocessing = 0;
		};
		ABE724EF2679D8A900532944 /* Sources */ = {
			isa = PBXSourcesBuildPhase;
			buildActionMask = 2147483647;
			files = (
				ABE724F62679D8A900532944 /* main.cpp in Sources */,
			);
			runOnlyForDeploymentPostprocessing = 0;
		};
		ABE724FB2679D8ED00532944 /* Sources */ = {
			isa = PBXSourcesBuildPhase;
			buildActionMask = 2147483647;
			files = (
				ABE725022679D8ED00532944 /* main.cpp in Sources */,
			);
			runOnlyForDeploymentPostprocessing = 0;
		};
		ABE72509267A0C3500532944 /* Sources */ = {
			isa = PBXSourcesBuildPhase;
			buildActionMask = 2147483647;
			files = (
				ABE72510267A0C3500532944 /* main.cpp in Sources */,
			);
			runOnlyForDeploymentPostprocessing = 0;
		};
		ABE72515267A1CE800532944 /* Sources */ = {
			isa = PBXSourcesBuildPhase;
			buildActionMask = 2147483647;
			files = (
				ABE7251C267A1CE800532944 /* main.cpp in Sources */,
			);
			runOnlyForDeploymentPostprocessing = 0;
		};
		ABE72521267C796100532944 /* Sources */ = {
			isa = PBXSourcesBuildPhase;
			buildActionMask = 2147483647;
			files = (
				ABE72528267C796100532944 /* main.cpp in Sources */,
			);
			runOnlyForDeploymentPostprocessing = 0;
		};
/* End PBXSourcesBuildPhase section */

/* Begin XCBuildConfiguration section */
		ABE724AF2679C2F200532944 /* Debug */ = {
			isa = XCBuildConfiguration;
			buildSettings = {
				ALWAYS_SEARCH_USER_PATHS = NO;
				CLANG_ANALYZER_NONNULL = YES;
				CLANG_ANALYZER_NUMBER_OBJECT_CONVERSION = YES_AGGRESSIVE;
				CLANG_CXX_LANGUAGE_STANDARD = "gnu++14";
				CLANG_CXX_LIBRARY = "libc++";
				CLANG_ENABLE_MODULES = YES;
				CLANG_ENABLE_OBJC_ARC = YES;
				CLANG_ENABLE_OBJC_WEAK = YES;
				CLANG_WARN_BLOCK_CAPTURE_AUTORELEASING = YES;
				CLANG_WARN_BOOL_CONVERSION = YES;
				CLANG_WARN_COMMA = YES;
				CLANG_WARN_CONSTANT_CONVERSION = YES;
				CLANG_WARN_DEPRECATED_OBJC_IMPLEMENTATIONS = YES;
				CLANG_WARN_DIRECT_OBJC_ISA_USAGE = YES_ERROR;
				CLANG_WARN_DOCUMENTATION_COMMENTS = YES;
				CLANG_WARN_EMPTY_BODY = YES;
				CLANG_WARN_ENUM_CONVERSION = YES;
				CLANG_WARN_INFINITE_RECURSION = YES;
				CLANG_WARN_INT_CONVERSION = YES;
				CLANG_WARN_NON_LITERAL_NULL_CONVERSION = YES;
				CLANG_WARN_OBJC_IMPLICIT_RETAIN_SELF = YES;
				CLANG_WARN_OBJC_LITERAL_CONVERSION = YES;
				CLANG_WARN_OBJC_ROOT_CLASS = YES_ERROR;
				CLANG_WARN_RANGE_LOOP_ANALYSIS = YES;
				CLANG_WARN_STRICT_PROTOTYPES = YES;
				CLANG_WARN_SUSPICIOUS_MOVE = YES;
				CLANG_WARN_UNGUARDED_AVAILABILITY = YES_AGGRESSIVE;
				CLANG_WARN_UNREACHABLE_CODE = YES;
				CLANG_WARN__DUPLICATE_METHOD_MATCH = YES;
				COPY_PHASE_STRIP = NO;
				DEBUG_INFORMATION_FORMAT = dwarf;
				ENABLE_STRICT_OBJC_MSGSEND = YES;
				ENABLE_TESTABILITY = YES;
				GCC_C_LANGUAGE_STANDARD = gnu11;
				GCC_DYNAMIC_NO_PIC = NO;
				GCC_NO_COMMON_BLOCKS = YES;
				GCC_OPTIMIZATION_LEVEL = 0;
				GCC_PREPROCESSOR_DEFINITIONS = (
					"DEBUG=1",
					"$(inherited)",
				);
				GCC_WARN_64_TO_32_BIT_CONVERSION = YES;
				GCC_WARN_ABOUT_RETURN_TYPE = YES_ERROR;
				GCC_WARN_UNDECLARED_SELECTOR = YES;
				GCC_WARN_UNINITIALIZED_AUTOS = YES_AGGRESSIVE;
				GCC_WARN_UNUSED_FUNCTION = YES;
				GCC_WARN_UNUSED_VARIABLE = YES;
				MACOSX_DEPLOYMENT_TARGET = 10.15;
				MTL_ENABLE_DEBUG_INFO = INCLUDE_SOURCE;
				MTL_FAST_MATH = YES;
				ONLY_ACTIVE_ARCH = YES;
				SDKROOT = macosx;
			};
			name = Debug;
		};
		ABE724B02679C2F200532944 /* Release */ = {
			isa = XCBuildConfiguration;
			buildSettings = {
				ALWAYS_SEARCH_USER_PATHS = NO;
				CLANG_ANALYZER_NONNULL = YES;
				CLANG_ANALYZER_NUMBER_OBJECT_CONVERSION = YES_AGGRESSIVE;
				CLANG_CXX_LANGUAGE_STANDARD = "gnu++14";
				CLANG_CXX_LIBRARY = "libc++";
				CLANG_ENABLE_MODULES = YES;
				CLANG_ENABLE_OBJC_ARC = YES;
				CLANG_ENABLE_OBJC_WEAK = YES;
				CLANG_WARN_BLOCK_CAPTURE_AUTORELEASING = YES;
				CLANG_WARN_BOOL_CONVERSION = YES;
				CLANG_WARN_COMMA = YES;
				CLANG_WARN_CONSTANT_CONVERSION = YES;
				CLANG_WARN_DEPRECATED_OBJC_IMPLEMENTATIONS = YES;
				CLANG_WARN_DIRECT_OBJC_ISA_USAGE = YES_ERROR;
				CLANG_WARN_DOCUMENTATION_COMMENTS = YES;
				CLANG_WARN_EMPTY_BODY = YES;
				CLANG_WARN_ENUM_CONVERSION = YES;
				CLANG_WARN_INFINITE_RECURSION = YES;
				CLANG_WARN_INT_CONVERSION = YES;
				CLANG_WARN_NON_LITERAL_NULL_CONVERSION = YES;
				CLANG_WARN_OBJC_IMPLICIT_RETAIN_SELF = YES;
				CLANG_WARN_OBJC_LITERAL_CONVERSION = YES;
				CLANG_WARN_OBJC_ROOT_CLASS = YES_ERROR;
				CLANG_WARN_RANGE_LOOP_ANALYSIS = YES;
				CLANG_WARN_STRICT_PROTOTYPES = YES;
				CLANG_WARN_SUSPICIOUS_MOVE = YES;
				CLANG_WARN_UNGUARDED_AVAILABILITY = YES_AGGRESSIVE;
				CLANG_WARN_UNREACHABLE_CODE = YES;
				CLANG_WARN__DUPLICATE_METHOD_MATCH = YES;
				COPY_PHASE_STRIP = NO;
				DEBUG_INFORMATION_FORMAT = "dwarf-with-dsym";
				ENABLE_NS_ASSERTIONS = NO;
				ENABLE_STRICT_OBJC_MSGSEND = YES;
				GCC_C_LANGUAGE_STANDARD = gnu11;
				GCC_NO_COMMON_BLOCKS = YES;
				GCC_WARN_64_TO_32_BIT_CONVERSION = YES;
				GCC_WARN_ABOUT_RETURN_TYPE = YES_ERROR;
				GCC_WARN_UNDECLARED_SELECTOR = YES;
				GCC_WARN_UNINITIALIZED_AUTOS = YES_AGGRESSIVE;
				GCC_WARN_UNUSED_FUNCTION = YES;
				GCC_WARN_UNUSED_VARIABLE = YES;
				MACOSX_DEPLOYMENT_TARGET = 10.15;
				MTL_ENABLE_DEBUG_INFO = NO;
				MTL_FAST_MATH = YES;
				SDKROOT = macosx;
			};
			name = Release;
		};
		ABE724B22679C2F200532944 /* Debug */ = {
			isa = XCBuildConfiguration;
			buildSettings = {
				CODE_SIGN_STYLE = Automatic;
				DEVELOPMENT_TEAM = LV4G5YZ4T2;
				ENABLE_HARDENED_RUNTIME = YES;
				PRODUCT_NAME = "$(TARGET_NAME)";
			};
			name = Debug;
		};
		ABE724B32679C2F200532944 /* Release */ = {
			isa = XCBuildConfiguration;
			buildSettings = {
				CODE_SIGN_STYLE = Automatic;
				DEVELOPMENT_TEAM = LV4G5YZ4T2;
				ENABLE_HARDENED_RUNTIME = YES;
				PRODUCT_NAME = "$(TARGET_NAME)";
			};
			name = Release;
		};
		ABE724BD2679C30B00532944 /* Debug */ = {
			isa = XCBuildConfiguration;
			buildSettings = {
				CODE_SIGN_STYLE = Automatic;
				DEVELOPMENT_TEAM = LV4G5YZ4T2;
				ENABLE_HARDENED_RUNTIME = YES;
				PRODUCT_NAME = "$(TARGET_NAME)";
			};
			name = Debug;
		};
		ABE724BE2679C30B00532944 /* Release */ = {
			isa = XCBuildConfiguration;
			buildSettings = {
				CODE_SIGN_STYLE = Automatic;
				DEVELOPMENT_TEAM = LV4G5YZ4T2;
				ENABLE_HARDENED_RUNTIME = YES;
				PRODUCT_NAME = "$(TARGET_NAME)";
			};
			name = Release;
		};
		ABE724CB2679C5BC00532944 /* Debug */ = {
			isa = XCBuildConfiguration;
			buildSettings = {
				CODE_SIGN_STYLE = Automatic;
				DEVELOPMENT_TEAM = LV4G5YZ4T2;
				ENABLE_HARDENED_RUNTIME = YES;
				PRODUCT_NAME = "$(TARGET_NAME)";
			};
			name = Debug;
		};
		ABE724CC2679C5BC00532944 /* Release */ = {
			isa = XCBuildConfiguration;
			buildSettings = {
				CODE_SIGN_STYLE = Automatic;
				DEVELOPMENT_TEAM = LV4G5YZ4T2;
				ENABLE_HARDENED_RUNTIME = YES;
				PRODUCT_NAME = "$(TARGET_NAME)";
			};
			name = Release;
		};
		ABE724D62679C82800532944 /* Debug */ = {
			isa = XCBuildConfiguration;
			buildSettings = {
				CODE_SIGN_STYLE = Automatic;
				DEVELOPMENT_TEAM = LV4G5YZ4T2;
				ENABLE_HARDENED_RUNTIME = YES;
				PRODUCT_NAME = "$(TARGET_NAME)";
			};
			name = Debug;
		};
		ABE724D72679C82800532944 /* Release */ = {
			isa = XCBuildConfiguration;
			buildSettings = {
				CODE_SIGN_STYLE = Automatic;
				DEVELOPMENT_TEAM = LV4G5YZ4T2;
				ENABLE_HARDENED_RUNTIME = YES;
				PRODUCT_NAME = "$(TARGET_NAME)";
			};
			name = Release;
		};
		ABE724E12679CAC600532944 /* Debug */ = {
			isa = XCBuildConfiguration;
			buildSettings = {
				CODE_SIGN_STYLE = Automatic;
				DEVELOPMENT_TEAM = LV4G5YZ4T2;
				ENABLE_HARDENED_RUNTIME = YES;
				PRODUCT_NAME = "$(TARGET_NAME)";
			};
			name = Debug;
		};
		ABE724E22679CAC600532944 /* Release */ = {
			isa = XCBuildConfiguration;
			buildSettings = {
				CODE_SIGN_STYLE = Automatic;
				DEVELOPMENT_TEAM = LV4G5YZ4T2;
				ENABLE_HARDENED_RUNTIME = YES;
				PRODUCT_NAME = "$(TARGET_NAME)";
			};
			name = Release;
		};
		ABE724EC2679D24100532944 /* Debug */ = {
			isa = XCBuildConfiguration;
			buildSettings = {
				CODE_SIGN_STYLE = Automatic;
				DEVELOPMENT_TEAM = LV4G5YZ4T2;
				ENABLE_HARDENED_RUNTIME = YES;
				PRODUCT_NAME = "$(TARGET_NAME)";
			};
			name = Debug;
		};
		ABE724ED2679D24100532944 /* Release */ = {
			isa = XCBuildConfiguration;
			buildSettings = {
				CODE_SIGN_STYLE = Automatic;
				DEVELOPMENT_TEAM = LV4G5YZ4T2;
				ENABLE_HARDENED_RUNTIME = YES;
				PRODUCT_NAME = "$(TARGET_NAME)";
			};
			name = Release;
		};
		ABE724F82679D8A900532944 /* Debug */ = {
			isa = XCBuildConfiguration;
			buildSettings = {
				CODE_SIGN_STYLE = Automatic;
				DEVELOPMENT_TEAM = LV4G5YZ4T2;
				ENABLE_HARDENED_RUNTIME = YES;
				PRODUCT_NAME = "$(TARGET_NAME)";
			};
			name = Debug;
		};
		ABE724F92679D8A900532944 /* Release */ = {
			isa = XCBuildConfiguration;
			buildSettings = {
				CODE_SIGN_STYLE = Automatic;
				DEVELOPMENT_TEAM = LV4G5YZ4T2;
				ENABLE_HARDENED_RUNTIME = YES;
				PRODUCT_NAME = "$(TARGET_NAME)";
			};
			name = Release;
		};
		ABE725042679D8ED00532944 /* Debug */ = {
			isa = XCBuildConfiguration;
			buildSettings = {
				CODE_SIGN_STYLE = Automatic;
				DEVELOPMENT_TEAM = LV4G5YZ4T2;
				ENABLE_HARDENED_RUNTIME = YES;
				PRODUCT_NAME = "$(TARGET_NAME)";
			};
			name = Debug;
		};
		ABE725052679D8ED00532944 /* Release */ = {
			isa = XCBuildConfiguration;
			buildSettings = {
				CODE_SIGN_STYLE = Automatic;
				DEVELOPMENT_TEAM = LV4G5YZ4T2;
				ENABLE_HARDENED_RUNTIME = YES;
				PRODUCT_NAME = "$(TARGET_NAME)";
			};
			name = Release;
		};
		ABE72512267A0C3500532944 /* Debug */ = {
			isa = XCBuildConfiguration;
			buildSettings = {
				CODE_SIGN_STYLE = Automatic;
				DEVELOPMENT_TEAM = LV4G5YZ4T2;
				ENABLE_HARDENED_RUNTIME = YES;
				PRODUCT_NAME = "$(TARGET_NAME)";
			};
			name = Debug;
		};
		ABE72513267A0C3500532944 /* Release */ = {
			isa = XCBuildConfiguration;
			buildSettings = {
				CODE_SIGN_STYLE = Automatic;
				DEVELOPMENT_TEAM = LV4G5YZ4T2;
				ENABLE_HARDENED_RUNTIME = YES;
				PRODUCT_NAME = "$(TARGET_NAME)";
			};
			name = Release;
		};
		ABE7251E267A1CE800532944 /* Debug */ = {
			isa = XCBuildConfiguration;
			buildSettings = {
				CODE_SIGN_STYLE = Automatic;
				DEVELOPMENT_TEAM = LV4G5YZ4T2;
				ENABLE_HARDENED_RUNTIME = YES;
				PRODUCT_NAME = "$(TARGET_NAME)";
			};
			name = Debug;
		};
		ABE7251F267A1CE800532944 /* Release */ = {
			isa = XCBuildConfiguration;
			buildSettings = {
				CODE_SIGN_STYLE = Automatic;
				DEVELOPMENT_TEAM = LV4G5YZ4T2;
				ENABLE_HARDENED_RUNTIME = YES;
				PRODUCT_NAME = "$(TARGET_NAME)";
			};
			name = Release;
		};
		ABE7252A267C796100532944 /* Debug */ = {
			isa = XCBuildConfiguration;
			buildSettings = {
				CODE_SIGN_STYLE = Automatic;
				DEVELOPMENT_TEAM = LV4G5YZ4T2;
				ENABLE_HARDENED_RUNTIME = YES;
				PRODUCT_NAME = "$(TARGET_NAME)";
			};
			name = Debug;
		};
		ABE7252B267C796100532944 /* Release */ = {
			isa = XCBuildConfiguration;
			buildSettings = {
				CODE_SIGN_STYLE = Automatic;
				DEVELOPMENT_TEAM = LV4G5YZ4T2;
				ENABLE_HARDENED_RUNTIME = YES;
				PRODUCT_NAME = "$(TARGET_NAME)";
			};
			name = Release;
		};
/* End XCBuildConfiguration section */

/* Begin XCConfigurationList section */
		ABE724A52679C2F200532944 /* Build configuration list for PBXProject "Algorithm Study" */ = {
			isa = XCConfigurationList;
			buildConfigurations = (
				ABE724AF2679C2F200532944 /* Debug */,
				ABE724B02679C2F200532944 /* Release */,
			);
			defaultConfigurationIsVisible = 0;
			defaultConfigurationName = Release;
		};
		ABE724B12679C2F200532944 /* Build configuration list for PBXNativeTarget "Algorithm Study" */ = {
			isa = XCConfigurationList;
			buildConfigurations = (
				ABE724B22679C2F200532944 /* Debug */,
				ABE724B32679C2F200532944 /* Release */,
			);
			defaultConfigurationIsVisible = 0;
			defaultConfigurationName = Release;
		};
		ABE724BC2679C30B00532944 /* Build configuration list for PBXNativeTarget "P1" */ = {
			isa = XCConfigurationList;
			buildConfigurations = (
				ABE724BD2679C30B00532944 /* Debug */,
				ABE724BE2679C30B00532944 /* Release */,
			);
			defaultConfigurationIsVisible = 0;
			defaultConfigurationName = Release;
		};
		ABE724CA2679C5BC00532944 /* Build configuration list for PBXNativeTarget "P2" */ = {
			isa = XCConfigurationList;
			buildConfigurations = (
				ABE724CB2679C5BC00532944 /* Debug */,
				ABE724CC2679C5BC00532944 /* Release */,
			);
			defaultConfigurationIsVisible = 0;
			defaultConfigurationName = Release;
		};
		ABE724D52679C82800532944 /* Build configuration list for PBXNativeTarget "P3" */ = {
			isa = XCConfigurationList;
			buildConfigurations = (
				ABE724D62679C82800532944 /* Debug */,
				ABE724D72679C82800532944 /* Release */,
			);
			defaultConfigurationIsVisible = 0;
			defaultConfigurationName = Release;
		};
		ABE724E02679CAC600532944 /* Build configuration list for PBXNativeTarget "P4" */ = {
			isa = XCConfigurationList;
			buildConfigurations = (
				ABE724E12679CAC600532944 /* Debug */,
				ABE724E22679CAC600532944 /* Release */,
			);
			defaultConfigurationIsVisible = 0;
			defaultConfigurationName = Release;
		};
		ABE724EB2679D24100532944 /* Build configuration list for PBXNativeTarget "P5" */ = {
			isa = XCConfigurationList;
			buildConfigurations = (
				ABE724EC2679D24100532944 /* Debug */,
				ABE724ED2679D24100532944 /* Release */,
			);
			defaultConfigurationIsVisible = 0;
			defaultConfigurationName = Release;
		};
		ABE724F72679D8A900532944 /* Build configuration list for PBXNativeTarget "P7" */ = {
			isa = XCConfigurationList;
			buildConfigurations = (
				ABE724F82679D8A900532944 /* Debug */,
				ABE724F92679D8A900532944 /* Release */,
			);
			defaultConfigurationIsVisible = 0;
			defaultConfigurationName = Release;
		};
		ABE725032679D8ED00532944 /* Build configuration list for PBXNativeTarget "P6" */ = {
			isa = XCConfigurationList;
			buildConfigurations = (
				ABE725042679D8ED00532944 /* Debug */,
				ABE725052679D8ED00532944 /* Release */,
			);
			defaultConfigurationIsVisible = 0;
			defaultConfigurationName = Release;
		};
		ABE72511267A0C3500532944 /* Build configuration list for PBXNativeTarget "P8" */ = {
			isa = XCConfigurationList;
			buildConfigurations = (
				ABE72512267A0C3500532944 /* Debug */,
				ABE72513267A0C3500532944 /* Release */,
			);
			defaultConfigurationIsVisible = 0;
			defaultConfigurationName = Release;
		};
		ABE7251D267A1CE800532944 /* Build configuration list for PBXNativeTarget "P9" */ = {
			isa = XCConfigurationList;
			buildConfigurations = (
				ABE7251E267A1CE800532944 /* Debug */,
				ABE7251F267A1CE800532944 /* Release */,
			);
			defaultConfigurationIsVisible = 0;
			defaultConfigurationName = Release;
		};
		ABE72529267C796100532944 /* Build configuration list for PBXNativeTarget "P10" */ = {
			isa = XCConfigurationList;
			buildConfigurations = (
				ABE7252A267C796100532944 /* Debug */,
				ABE7252B267C796100532944 /* Release */,
			);
			defaultConfigurationIsVisible = 0;
			defaultConfigurationName = Release;
		};
/* End XCConfigurationList section */
	};
	rootObject = ABE724A22679C2F200532944 /* Project object */;
}
